// !$*UTF8*$!
{
	archiveVersion = 1;
	classes = {
	};
	objectVersion = 50;
	objects = {

/* Begin PBXBuildFile section */
		8043AD0F22DA32FB00AA5FAC /* AppDelegate.swift in Sources */ = {isa = PBXBuildFile; fileRef = 8043AD0E22DA32FB00AA5FAC /* AppDelegate.swift */; };
		8043AD1122DA32FB00AA5FAC /* MapVC.swift in Sources */ = {isa = PBXBuildFile; fileRef = 8043AD1022DA32FB00AA5FAC /* MapVC.swift */; };
		8043AD1422DA32FB00AA5FAC /* Main.storyboard in Resources */ = {isa = PBXBuildFile; fileRef = 8043AD1222DA32FB00AA5FAC /* Main.storyboard */; };
		8043AD1622DA32FC00AA5FAC /* Assets.xcassets in Resources */ = {isa = PBXBuildFile; fileRef = 8043AD1522DA32FC00AA5FAC /* Assets.xcassets */; };
		8043AD1922DA32FC00AA5FAC /* LaunchScreen.storyboard in Resources */ = {isa = PBXBuildFile; fileRef = 8043AD1722DA32FC00AA5FAC /* LaunchScreen.storyboard */; };
		80A8B0C122DB83E300086023 /* DroppablePin.swift in Sources */ = {isa = PBXBuildFile; fileRef = 80A8B0C022DB83E300086023 /* DroppablePin.swift */; };
		80A8B0C322DBA39000086023 /* PhotoCell.swift in Sources */ = {isa = PBXBuildFile; fileRef = 80A8B0C222DBA39000086023 /* PhotoCell.swift */; };
		80A8B0C522DC6F2300086023 /* Constants.swift in Sources */ = {isa = PBXBuildFile; fileRef = 80A8B0C422DC6F2300086023 /* Constants.swift */; };
		D1FC3A1C519F7A85FB88450C /* Pods_pixel_city.framework in Frameworks */ = {isa = PBXBuildFile; fileRef = 31ABE23DA4EEE2DB2D1AB987 /* Pods_pixel_city.framework */; };
/* End PBXBuildFile section */

/* Begin PBXFileReference section */
		05289368F71CD39E6D37FF53 /* Pods-pixel-city.release.xcconfig */ = {isa = PBXFileReference; includeInIndex = 1; lastKnownFileType = text.xcconfig; name = "Pods-pixel-city.release.xcconfig"; path = "Pods/Target Support Files/Pods-pixel-city/Pods-pixel-city.release.xcconfig"; sourceTree = "<group>"; };
		31ABE23DA4EEE2DB2D1AB987 /* Pods_pixel_city.framework */ = {isa = PBXFileReference; explicitFileType = wrapper.framework; includeInIndex = 0; path = Pods_pixel_city.framework; sourceTree = BUILT_PRODUCTS_DIR; };
		66E53FA99AC4FC5367B17B98 /* Pods-pixel-city.debug.xcconfig */ = {isa = PBXFileReference; includeInIndex = 1; lastKnownFileType = text.xcconfig; name = "Pods-pixel-city.debug.xcconfig"; path = "Pods/Target Support Files/Pods-pixel-city/Pods-pixel-city.debug.xcconfig"; sourceTree = "<group>"; };
		8043AD0B22DA32FB00AA5FAC /* pixel-city.app */ = {isa = PBXFileReference; explicitFileType = wrapper.application; includeInIndex = 0; path = "pixel-city.app"; sourceTree = BUILT_PRODUCTS_DIR; };
		8043AD0E22DA32FB00AA5FAC /* AppDelegate.swift */ = {isa = PBXFileReference; lastKnownFileType = sourcecode.swift; path = AppDelegate.swift; sourceTree = "<group>"; };
		8043AD1022DA32FB00AA5FAC /* MapVC.swift */ = {isa = PBXFileReference; lastKnownFileType = sourcecode.swift; path = MapVC.swift; sourceTree = "<group>"; };
		8043AD1322DA32FB00AA5FAC /* Base */ = {isa = PBXFileReference; lastKnownFileType = file.storyboard; name = Base; path = Base.lproj/Main.storyboard; sourceTree = "<group>"; };
		8043AD1522DA32FC00AA5FAC /* Assets.xcassets */ = {isa = PBXFileReference; lastKnownFileType = folder.assetcatalog; path = Assets.xcassets; sourceTree = "<group>"; };
		8043AD1822DA32FC00AA5FAC /* Base */ = {isa = PBXFileReference; lastKnownFileType = file.storyboard; name = Base; path = Base.lproj/LaunchScreen.storyboard; sourceTree = "<group>"; };
		8043AD1A22DA32FC00AA5FAC /* Info.plist */ = {isa = PBXFileReference; lastKnownFileType = text.plist.xml; path = Info.plist; sourceTree = "<group>"; };
		80A8B0C022DB83E300086023 /* DroppablePin.swift */ = {isa = PBXFileReference; lastKnownFileType = sourcecode.swift; path = DroppablePin.swift; sourceTree = "<group>"; };
		80A8B0C222DBA39000086023 /* PhotoCell.swift */ = {isa = PBXFileReference; lastKnownFileType = sourcecode.swift; path = PhotoCell.swift; sourceTree = "<group>"; };
		80A8B0C422DC6F2300086023 /* Constants.swift */ = {isa = PBXFileReference; lastKnownFileType = sourcecode.swift; path = Constants.swift; sourceTree = "<group>"; };
/* End PBXFileReference section */

/* Begin PBXFrameworksBuildPhase section */
		8043AD0822DA32FB00AA5FAC /* Frameworks */ = {
			isa = PBXFrameworksBuildPhase;
			buildActionMask = 2147483647;
			files = (
				D1FC3A1C519F7A85FB88450C /* Pods_pixel_city.framework in Frameworks */,
			);
			runOnlyForDeploymentPostprocessing = 0;
		};
/* End PBXFrameworksBuildPhase section */

/* Begin PBXGroup section */
		8043AD0222DA32FB00AA5FAC = {
			isa = PBXGroup;
			children = (
				8043AD0D22DA32FB00AA5FAC /* pixel-city */,
				8043AD0C22DA32FB00AA5FAC /* Products */,
				F6645501846EA1E10E6449AC /* Pods */,
				8982955313F85AEDCC0A50C4 /* Frameworks */,
			);
			sourceTree = "<group>";
		};
		8043AD0C22DA32FB00AA5FAC /* Products */ = {
			isa = PBXGroup;
			children = (
				8043AD0B22DA32FB00AA5FAC /* pixel-city.app */,
			);
			name = Products;
			sourceTree = "<group>";
		};
		8043AD0D22DA32FB00AA5FAC /* pixel-city */ = {
			isa = PBXGroup;
			children = (
				8043AD2322DA34D400AA5FAC /* Controller */,
				8043AD2222DA34CE00AA5FAC /* View */,
				8043AD2122DA34C400AA5FAC /* Extensions */,
				8043AD2022DA34B700AA5FAC /* Utilities */,
				8043AD0E22DA32FB00AA5FAC /* AppDelegate.swift */,
				8043AD1222DA32FB00AA5FAC /* Main.storyboard */,
				8043AD1522DA32FC00AA5FAC /* Assets.xcassets */,
				8043AD1722DA32FC00AA5FAC /* LaunchScreen.storyboard */,
				8043AD1A22DA32FC00AA5FAC /* Info.plist */,
			);
			path = "pixel-city";
			sourceTree = "<group>";
		};
		8043AD2022DA34B700AA5FAC /* Utilities */ = {
			isa = PBXGroup;
			children = (
				80A8B0C422DC6F2300086023 /* Constants.swift */,
			);
			path = Utilities;
			sourceTree = "<group>";
		};
		8043AD2122DA34C400AA5FAC /* Extensions */ = {
			isa = PBXGroup;
			children = (
			);
			path = Extensions;
			sourceTree = "<group>";
		};
		8043AD2222DA34CE00AA5FAC /* View */ = {
			isa = PBXGroup;
			children = (
				80A8B0C022DB83E300086023 /* DroppablePin.swift */,
				80A8B0C222DBA39000086023 /* PhotoCell.swift */,
			);
			path = View;
			sourceTree = "<group>";
		};
		8043AD2322DA34D400AA5FAC /* Controller */ = {
			isa = PBXGroup;
			children = (
				8043AD1022DA32FB00AA5FAC /* MapVC.swift */,
			);
			path = Controller;
			sourceTree = "<group>";
		};
		8982955313F85AEDCC0A50C4 /* Frameworks */ = {
			isa = PBXGroup;
			children = (
				31ABE23DA4EEE2DB2D1AB987 /* Pods_pixel_city.framework */,
			);
			name = Frameworks;
			sourceTree = "<group>";
		};
		F6645501846EA1E10E6449AC /* Pods */ = {
			isa = PBXGroup;
			children = (
				66E53FA99AC4FC5367B17B98 /* Pods-pixel-city.debug.xcconfig */,
				05289368F71CD39E6D37FF53 /* Pods-pixel-city.release.xcconfig */,
			);
			name = Pods;
			sourceTree = "<group>";
		};
/* End PBXGroup section */

/* Begin PBXNativeTarget section */
		8043AD0A22DA32FB00AA5FAC /* pixel-city */ = {
			isa = PBXNativeTarget;
			buildConfigurationList = 8043AD1D22DA32FC00AA5FAC /* Build configuration list for PBXNativeTarget "pixel-city" */;
			buildPhases = (
				EF424AF20F665C4F5E7E32C8 /* [CP] Check Pods Manifest.lock */,
				8043AD0722DA32FB00AA5FAC /* Sources */,
				8043AD0822DA32FB00AA5FAC /* Frameworks */,
				8043AD0922DA32FB00AA5FAC /* Resources */,
				D9D1A19A44A7309ECD48EBAD /* [CP] Embed Pods Frameworks */,
			);
			buildRules = (
			);
			dependencies = (
			);
			name = "pixel-city";
			productName = "pixel-city";
			productReference = 8043AD0B22DA32FB00AA5FAC /* pixel-city.app */;
			productType = "com.apple.product-type.application";
		};
/* End PBXNativeTarget section */

/* Begin PBXProject section */
		8043AD0322DA32FB00AA5FAC /* Project object */ = {
			isa = PBXProject;
			attributes = {
				LastSwiftUpdateCheck = 1000;
				LastUpgradeCheck = 1000;
				ORGANIZATIONNAME = "Aye Kaung Mya Phyu";
				TargetAttributes = {
					8043AD0A22DA32FB00AA5FAC = {
						CreatedOnToolsVersion = 10.0;
					};
				};
			};
			buildConfigurationList = 8043AD0622DA32FB00AA5FAC /* Build configuration list for PBXProject "pixel-city" */;
			compatibilityVersion = "Xcode 9.3";
			developmentRegion = en;
			hasScannedForEncodings = 0;
			knownRegions = (
				en,
				Base,
			);
			mainGroup = 8043AD0222DA32FB00AA5FAC;
			productRefGroup = 8043AD0C22DA32FB00AA5FAC /* Products */;
			projectDirPath = "";
			projectRoot = "";
			targets = (
				8043AD0A22DA32FB00AA5FAC /* pixel-city */,
			);
		};
/* End PBXProject section */

/* Begin PBXResourcesBuildPhase section */
		8043AD0922DA32FB00AA5FAC /* Resources */ = {
			isa = PBXResourcesBuildPhase;
			buildActionMask = 2147483647;
			files = (
				8043AD1922DA32FC00AA5FAC /* LaunchScreen.storyboard in Resources */,
				8043AD1622DA32FC00AA5FAC /* Assets.xcassets in Resources */,
				8043AD1422DA32FB00AA5FAC /* Main.storyboard in Resources */,
			);
			runOnlyForDeploymentPostprocessing = 0;
		};
/* End PBXResourcesBuildPhase section */

/* Begin PBXShellScriptBuildPhase section */
		D9D1A19A44A7309ECD48EBAD /* [CP] Embed Pods Frameworks */ = {
			isa = PBXShellScriptBuildPhase;
			buildActionMask = 2147483647;
			files = (
			);
			inputPaths = (
				"${SRCROOT}/Pods/Target Support Files/Pods-pixel-city/Pods-pixel-city-frameworks.sh",
				"${BUILT_PRODUCTS_DIR}/Alamofire/Alamofire.framework",
				"${BUILT_PRODUCTS_DIR}/AlamofireImage/AlamofireImage.framework",
			);
			name = "[CP] Embed Pods Frameworks";
			outputPaths = (
				"${TARGET_BUILD_DIR}/${FRAMEWORKS_FOLDER_PATH}/Alamofire.framework",
				"${TARGET_BUILD_DIR}/${FRAMEWORKS_FOLDER_PATH}/AlamofireImage.framework",
			);
			runOnlyForDeploymentPostprocessing = 0;
			shellPath = /bin/sh;
			shellScript = "\"${SRCROOT}/Pods/Target Support Files/Pods-pixel-city/Pods-pixel-city-frameworks.sh\"\n";
			showEnvVarsInLog = 0;
		};
		EF424AF20F665C4F5E7E32C8 /* [CP] Check Pods Manifest.lock */ = {
			isa = PBXShellScriptBuildPhase;
			buildActionMask = 2147483647;
			files = (
			);
			inputPaths = (
				"${PODS_PODFILE_DIR_PATH}/Podfile.lock",
				"${PODS_ROOT}/Manifest.lock",
			);
			name = "[CP] Check Pods Manifest.lock";
			outputPaths = (
				"$(DERIVED_FILE_DIR)/Pods-pixel-city-checkManifestLockResult.txt",
			);
			runOnlyForDeploymentPostprocessing = 0;
			shellPath = /bin/sh;
			shellScript = "diff \"${PODS_PODFILE_DIR_PATH}/Podfile.lock\" \"${PODS_ROOT}/Manifest.lock\" > /dev/null\nif [ $? != 0 ] ; then\n    # print error to STDERR\n    echo \"error: The sandbox is not in sync with the Podfile.lock. Run 'pod install' or update your CocoaPods installation.\" >&2\n    exit 1\nfi\n# This output is used by Xcode 'outputs' to avoid re-running this script phase.\necho \"SUCCESS\" > \"${SCRIPT_OUTPUT_FILE_0}\"\n";
			showEnvVarsInLog = 0;
		};
/* End PBXShellScriptBuildPhase section */

/* Begin PBXSourcesBuildPhase section */
		8043AD0722DA32FB00AA5FAC /* Sources */ = {
			isa = PBXSourcesBuildPhase;
			buildActionMask = 2147483647;
			files = (
				80A8B0C522DC6F2300086023 /* Constants.swift in Sources */,
				80A8B0C322DBA39000086023 /* PhotoCell.swift in Sources */,
				8043AD1122DA32FB00AA5FAC /* MapVC.swift in Sources */,
				80A8B0C122DB83E300086023 /* DroppablePin.swift in Sources */,
				8043AD0F22DA32FB00AA5FAC /* AppDelegate.swift in Sources */,
			);
			runOnlyForDeploymentPostprocessing = 0;
		};
/* End PBXSourcesBuildPhase section */

/* Begin PBXVariantGroup section */
		8043AD1222DA32FB00AA5FAC /* Main.storyboard */ = {
			isa = PBXVariantGroup;
			children = (
				8043AD1322DA32FB00AA5FAC /* Base */,
			);
			name = Main.storyboard;
			sourceTree = "<group>";
		};
		8043AD1722DA32FC00AA5FAC /* LaunchScreen.storyboard */ = {
			isa = PBXVariantGroup;
			children = (
				8043AD1822DA32FC00AA5FAC /* Base */,
			);
			name = LaunchScreen.storyboard;
			sourceTree = "<group>";
		};
/* End PBXVariantGroup section */

/* Begin XCBuildConfiguration section */
		8043AD1B22DA32FC00AA5FAC /* Debug */ = {
			isa = XCBuildConfiguration;
			buildSettings = {
				ALWAYS_SEARCH_USER_PATHS = NO;
				CLANG_ANALYZER_NONNULL = YES;
				CLANG_ANALYZER_NUMBER_OBJECT_CONVERSION = YES_AGGRESSIVE;
				CLANG_CXX_LANGUAGE_STANDARD = "gnu++14";
				CLANG_CXX_LIBRARY = "libc++";
				CLANG_ENABLE_MODULES = YES;
				CLANG_ENABLE_OBJC_ARC = YES;
				CLANG_ENABLE_OBJC_WEAK = YES;
				CLANG_WARN_BLOCK_CAPTURE_AUTORELEASING = YES;
				CLANG_WARN_BOOL_CONVERSION = YES;
				CLANG_WARN_COMMA = YES;
				CLANG_WARN_CONSTANT_CONVERSION = YES;
				CLANG_WARN_DEPRECATED_OBJC_IMPLEMENTATIONS = YES;
				CLANG_WARN_DIRECT_OBJC_ISA_USAGE = YES_ERROR;
				CLANG_WARN_DOCUMENTATION_COMMENTS = YES;
				CLANG_WARN_EMPTY_BODY = YES;
				CLANG_WARN_ENUM_CONVERSION = YES;
				CLANG_WARN_INFINITE_RECURSION = YES;
				CLANG_WARN_INT_CONVERSION = YES;
				CLANG_WARN_NON_LITERAL_NULL_CONVERSION = YES;
				CLANG_WARN_OBJC_IMPLICIT_RETAIN_SELF = YES;
				CLANG_WARN_OBJC_LITERAL_CONVERSION = YES;
				CLANG_WARN_OBJC_ROOT_CLASS = YES_ERROR;
				CLANG_WARN_RANGE_LOOP_ANALYSIS = YES;
				CLANG_WARN_STRICT_PROTOTYPES = YES;
				CLANG_WARN_SUSPICIOUS_MOVE = YES;
				CLANG_WARN_UNGUARDED_AVAILABILITY = YES_AGGRESSIVE;
				CLANG_WARN_UNREACHABLE_CODE = YES;
				CLANG_WARN__DUPLICATE_METHOD_MATCH = YES;
				CODE_SIGN_IDENTITY = "iPhone Developer";
				COPY_PHASE_STRIP = NO;
				DEBUG_INFORMATION_FORMAT = dwarf;
				ENABLE_STRICT_OBJC_MSGSEND = YES;
				ENABLE_TESTABILITY = YES;
				GCC_C_LANGUAGE_STANDARD = gnu11;
				GCC_DYNAMIC_NO_PIC = NO;
				GCC_NO_COMMON_BLOCKS = YES;
				GCC_OPTIMIZATION_LEVEL = 0;
				GCC_PREPROCESSOR_DEFINITIONS = (
					"DEBUG=1",
					"$(inherited)",
				);
				GCC_WARN_64_TO_32_BIT_CONVERSION = YES;
				GCC_WARN_ABOUT_RETURN_TYPE = YES_ERROR;
				GCC_WARN_UNDECLARED_SELECTOR = YES;
				GCC_WARN_UNINITIALIZED_AUTOS = YES_AGGRESSIVE;
				GCC_WARN_UNUSED_FUNCTION = YES;
				GCC_WARN_UNUSED_VARIABLE = YES;
				IPHONEOS_DEPLOYMENT_TARGET = 12.0;
				MTL_ENABLE_DEBUG_INFO = INCLUDE_SOURCE;
				MTL_FAST_MATH = YES;
				ONLY_ACTIVE_ARCH = YES;
				SDKROOT = iphoneos;
				SWIFT_ACTIVE_COMPILATION_CONDITIONS = DEBUG;
				SWIFT_OPTIMIZATION_LEVEL = "-Onone";
			};
			name = Debug;
		};
		8043AD1C22DA32FC00AA5FAC /* Release */ = {
			isa = XCBuildConfiguration;
			buildSettings = {
				ALWAYS_SEARCH_USER_PATHS = NO;
				CLANG_ANALYZER_NONNULL = YES;
				CLANG_ANALYZER_NUMBER_OBJECT_CONVERSION = YES_AGGRESSIVE;
				CLANG_CXX_LANGUAGE_STANDARD = "gnu++14";
				CLANG_CXX_LIBRARY = "libc++";
				CLANG_ENABLE_MODULES = YES;
				CLANG_ENABLE_OBJC_ARC = YES;
				CLANG_ENABLE_OBJC_WEAK = YES;
				CLANG_WARN_BLOCK_CAPTURE_AUTORELEASING = YES;
				CLANG_WARN_BOOL_CONVERSION = YES;
				CLANG_WARN_COMMA = YES;
				CLANG_WARN_CONSTANT_CONVERSION = YES;
				CLANG_WARN_DEPRECATED_OBJC_IMPLEMENTATIONS = YES;
				CLANG_WARN_DIRECT_OBJC_ISA_USAGE = YES_ERROR;
				CLANG_WARN_DOCUMENTATION_COMMENTS = YES;
				CLANG_WARN_EMPTY_BODY = YES;
				CLANG_WARN_ENUM_CONVERSION = YES;
				CLANG_WARN_INFINITE_RECURSION = YES;
				CLANG_WARN_INT_CONVERSION = YES;
				CLANG_WARN_NON_LITERAL_NULL_CONVERSION = YES;
				CLANG_WARN_OBJC_IMPLICIT_RETAIN_SELF = YES;
				CLANG_WARN_OBJC_LITERAL_CONVERSION = YES;
				CLANG_WARN_OBJC_ROOT_CLASS = YES_ERROR;
				CLANG_WARN_RANGE_LOOP_ANALYSIS = YES;
				CLANG_WARN_STRICT_PROTOTYPES = YES;
				CLANG_WARN_SUSPICIOUS_MOVE = YES;
				CLANG_WARN_UNGUARDED_AVAILABILITY = YES_AGGRESSIVE;
				CLANG_WARN_UNREACHABLE_CODE = YES;
				CLANG_WARN__DUPLICATE_METHOD_MATCH = YES;
				CODE_SIGN_IDENTITY = "iPhone Developer";
				COPY_PHASE_STRIP = NO;
				DEBUG_INFORMATION_FORMAT = "dwarf-with-dsym";
				ENABLE_NS_ASSERTIONS = NO;
				ENABLE_STRICT_OBJC_MSGSEND = YES;
				GCC_C_LANGUAGE_STANDARD = gnu11;
				GCC_NO_COMMON_BLOCKS = YES;
				GCC_WARN_64_TO_32_BIT_CONVERSION = YES;
				GCC_WARN_ABOUT_RETURN_TYPE = YES_ERROR;
				GCC_WARN_UNDECLARED_SELECTOR = YES;
				GCC_WARN_UNINITIALIZED_AUTOS = YES_AGGRESSIVE;
				GCC_WARN_UNUSED_FUNCTION = YES;
				GCC_WARN_UNUSED_VARIABLE = YES;
				IPHONEOS_DEPLOYMENT_TARGET = 12.0;
				MTL_ENABLE_DEBUG_INFO = NO;
				MTL_FAST_MATH = YES;
				SDKROOT = iphoneos;
				SWIFT_COMPILATION_MODE = wholemodule;
				SWIFT_OPTIMIZATION_LEVEL = "-O";
				VALIDATE_PRODUCT = YES;
			};
			name = Release;
		};
		8043AD1E22DA32FC00AA5FAC /* Debug */ = {
			isa = XCBuildConfiguration;
			baseConfigurationReference = 66E53FA99AC4FC5367B17B98 /* Pods-pixel-city.debug.xcconfig */;
			buildSettings = {
				ASSETCATALOG_COMPILER_APPICON_NAME = AppIcon;
				CODE_SIGN_STYLE = Automatic;
				DEVELOPMENT_TEAM = 6U9Q9DQE6H;
				INFOPLIST_FILE = "pixel-city/Info.plist";
				LD_RUNPATH_SEARCH_PATHS = (
					"$(inherited)",
					"@executable_path/Frameworks",
				);
				PRODUCT_BUNDLE_IDENTIFIER = "com.akmp.pixel-city";
				PRODUCT_NAME = "$(TARGET_NAME)";
				SWIFT_VERSION = 4.2;
				TARGETED_DEVICE_FAMILY = "1,2";
			};
			name = Debug;
		};
		8043AD1F22DA32FC00AA5FAC /* Release */ = {
			isa = XCBuildConfiguration;
			baseConfigurationReference = 05289368F71CD39E6D37FF53 /* Pods-pixel-city.release.xcconfig */;
			buildSettings = {
				ASSETCATALOG_COMPILER_APPICON_NAME = AppIcon;
				CODE_SIGN_STYLE = Automatic;
				DEVELOPMENT_TEAM = 6U9Q9DQE6H;
				INFOPLIST_FILE = "pixel-city/Info.plist";
				LD_RUNPATH_SEARCH_PATHS = (
					"$(inherited)",
					"@executable_path/Frameworks",
				);
				PRODUCT_BUNDLE_IDENTIFIER = "com.akmp.pixel-city";
				PRODUCT_NAME = "$(TARGET_NAME)";
				SWIFT_VERSION = 4.2;
				TARGETED_DEVICE_FAMILY = "1,2";
			};
			name = Release;
		};
/* End XCBuildConfiguration section */

/* Begin XCConfigurationList section */
		8043AD0622DA32FB00AA5FAC /* Build configuration list for PBXProject "pixel-city" */ = {
			isa = XCConfigurationList;
			buildConfigurations = (
				8043AD1B22DA32FC00AA5FAC /* Debug */,
				8043AD1C22DA32FC00AA5FAC /* Release */,
			);
			defaultConfigurationIsVisible = 0;
			defaultConfigurationName = Release;
		};
		8043AD1D22DA32FC00AA5FAC /* Build configuration list for PBXNativeTarget "pixel-city" */ = {
			isa = XCConfigurationList;
			buildConfigurations = (
				8043AD1E22DA32FC00AA5FAC /* Debug */,
				8043AD1F22DA32FC00AA5FAC /* Release */,
			);
			defaultConfigurationIsVisible = 0;
			defaultConfigurationName = Release;
		};
/* End XCConfigurationList section */
	};
	rootObject = 8043AD0322DA32FB00AA5FAC /* Project object */;
}
